
Microsoft Visual Studio Solution File, Format Version 12.00
# Visual Studio 15
VisualStudioVersion = 15.0.28010.2046
MinimumVisualStudioVersion = 10.0.40219.1
Project("{9A19103F-16F7-4668-BE54-9A1E7A4F7556}") = "SIS.HTTP", "SIS.HTTP\SIS.HTTP.csproj", "{AE0A0B2E-6F5C-4E61-99C8-5F2B56E818F4}"
EndProject
Project("{9A19103F-16F7-4668-BE54-9A1E7A4F7556}") = "SIS.WebServer", "SIS.WebServer\SIS.WebServer.csproj", "{B4907C95-782A-4FB4-B486-CBB9C743FBC8}"
EndProject
Project("{9A19103F-16F7-4668-BE54-9A1E7A4F7556}") = "SIS.Demo", "SIS.Demo\SIS.Demo.csproj", "{49B41BC4-58D6-45B7-B4C7-DCCF67929C91}"
EndProject
Project("{9A19103F-16F7-4668-BE54-9A1E7A4F7556}") = "IRunes.App", "IRunes.App\IRunes.App.csproj", "{9DC18C46-9A4A-4973-98E5-6EEB43429088}"
EndProject
Project("{9A19103F-16F7-4668-BE54-9A1E7A4F7556}") = "IRunes.Data", "IRunes.Data\IRunes.Data.csproj", "{7700C065-BBDD-4C9D-8CD4-45D203987B7B}"
EndProject
Project("{9A19103F-16F7-4668-BE54-9A1E7A4F7556}") = "IRunes.Models", "IRunes.Models\IRunes.Models.csproj", "{7EC219FF-F369-4A7A-817C-7D102887BF17}"
EndProject
Project("{FAE04EC0-301F-11D3-BF4B-00C04F79EFBC}") = "IRunes.Services", "IRunes.Services\IRunes.Services.csproj", "{F5C80575-2562-4A96-93B6-F44BC0B097FB}"
EndProject
Global
	GlobalSection(SolutionConfigurationPlatforms) = preSolution
		Debug|Any CPU = Debug|Any CPU
		Release|Any CPU = Release|Any CPU
	EndGlobalSection
	GlobalSection(ProjectConfigurationPlatforms) = postSolution
		{AE0A0B2E-6F5C-4E61-99C8-5F2B56E818F4}.Debug|Any CPU.ActiveCfg = Debug|Any CPU
		{AE0A0B2E-6F5C-4E61-99C8-5F2B56E818F4}.Debug|Any CPU.Build.0 = Debug|Any CPU
		{AE0A0B2E-6F5C-4E61-99C8-5F2B56E818F4}.Release|Any CPU.ActiveCfg = Release|Any CPU
		{AE0A0B2E-6F5C-4E61-99C8-5F2B56E818F4}.Release|Any CPU.Build.0 = Release|Any CPU
		{B4907C95-782A-4FB4-B486-CBB9C743FBC8}.Debug|Any CPU.ActiveCfg = Debug|Any CPU
		{B4907C95-782A-4FB4-B486-CBB9C743FBC8}.Debug|Any CPU.Build.0 = Debug|Any CPU
		{B4907C95-782A-4FB4-B486-CBB9C743FBC8}.Release|Any CPU.ActiveCfg = Release|Any CPU
		{B4907C95-782A-4FB4-B486-CBB9C743FBC8}.Release|Any CPU.Build.0 = Release|Any CPU
		{49B41BC4-58D6-45B7-B4C7-DCCF67929C91}.Debug|Any CPU.ActiveCfg = Debug|Any CPU
		{49B41BC4-58D6-45B7-B4C7-DCCF67929C91}.Debug|Any CPU.Build.0 = Debug|Any CPU
		{49B41BC4-58D6-45B7-B4C7-DCCF67929C91}.Release|Any CPU.ActiveCfg = Release|Any CPU
		{49B41BC4-58D6-45B7-B4C7-DCCF67929C91}.Release|Any CPU.Build.0 = Release|Any CPU
		{9DC18C46-9A4A-4973-98E5-6EEB43429088}.Debug|Any CPU.ActiveCfg = Debug|Any CPU
		{9DC18C46-9A4A-4973-98E5-6EEB43429088}.Debug|Any CPU.Build.0 = Debug|Any CPU
		{9DC18C46-9A4A-4973-98E5-6EEB43429088}.Release|Any CPU.ActiveCfg = Release|Any CPU
		{9DC18C46-9A4A-4973-98E5-6EEB43429088}.Release|Any CPU.Build.0 = Release|Any CPU
		{7700C065-BBDD-4C9D-8CD4-45D203987B7B}.Debug|Any CPU.ActiveCfg = Debug|Any CPU
		{7700C065-BBDD-4C9D-8CD4-45D203987B7B}.Debug|Any CPU.Build.0 = Debug|Any CPU
		{7700C065-BBDD-4C9D-8CD4-45D203987B7B}.Release|Any CPU.ActiveCfg = Release|Any CPU
		{7700C065-BBDD-4C9D-8CD4-45D203987B7B}.Release|Any CPU.Build.0 = Release|Any CPU
		{7EC219FF-F369-4A7A-817C-7D102887BF17}.Debug|Any CPU.ActiveCfg = Debug|Any CPU
		{7EC219FF-F369-4A7A-817C-7D102887BF17}.Debug|Any CPU.Build.0 = Debug|Any CPU
		{7EC219FF-F369-4A7A-817C-7D102887BF17}.Release|Any CPU.ActiveCfg = Release|Any CPU
		{7EC219FF-F369-4A7A-817C-7D102887BF17}.Release|Any CPU.Build.0 = Release|Any CPU
		{F5C80575-2562-4A96-93B6-F44BC0B097FB}.Debug|Any CPU.ActiveCfg = Debug|Any CPU
		{F5C80575-2562-4A96-93B6-F44BC0B097FB}.Debug|Any CPU.Build.0 = Debug|Any CPU
		{F5C80575-2562-4A96-93B6-F44BC0B097FB}.Release|Any CPU.ActiveCfg = Release|Any CPU
		{F5C80575-2562-4A96-93B6-F44BC0B097FB}.Release|Any CPU.Build.0 = Release|Any CPU
	EndGlobalSection
	GlobalSection(SolutionProperties) = preSolution
		HideSolutionNode = FALSE
	EndGlobalSection
	GlobalSection(ExtensibilityGlobals) = postSolution
		SolutionGuid = {A638CF05-B2BC-404E-87DE-C11EC7E388C0}
	EndGlobalSection
EndGlobal
